{
  "name": "@juwel-development/meta-repo",
  "version": "0.1.8",
  "lockfileVersion": 3,
  "requires": true,
  "packages": {
    "": {
      "name": "@juwel-development/meta-repo",
      "version": "0.1.8",
      "bin": {
        "meta-repo": "lib/index.js"
      },
      "devDependencies": {
        "@types/node": "^20.14.9",
        "typescript": "^5.5.2"
      },
      "optionalDependencies": {
        "@juwel-development/meta-repo-darwin-arm64": "0.1.8",
        "@juwel-development/meta-repo-darwin-x64": "0.1.8",
        "@juwel-development/meta-repo-linux-arm64": "0.1.8",
        "@juwel-development/meta-repo-linux-x64": "0.1.8",
        "@juwel-development/meta-repo-windows-arm64": "0.1.8",
        "@juwel-development/meta-repo-windows-x64": "0.1.8"
      }
    },
    "node_modules/@types/node": {
      "version": "20.16.6",
      "resolved": "https://registry.npmjs.org/@types/node/-/node-20.16.6.tgz",
      "integrity": "sha512-T7PpxM/6yeDE+AdlVysT62BX6/bECZOmQAgiFg5NoBd5MQheZ3tzal7f1wvzfiEcmrcJNRi2zRr2nY2zF+0uqw==",
      "dev": true,
      "dependencies": {
        "undici-types": "~6.19.2"
      }
    },
    "node_modules/typescript": {
      "version": "5.6.2",
      "resolved": "https://registry.npmjs.org/typescript/-/typescript-5.6.2.tgz",
      "integrity": "sha512-NW8ByodCSNCwZeghjN3o+JX5OFH0Ojg6sadjEKY4huZ52TqbJTJnDo5+Tw98lSy63NZvi4n+ez5m2u5d4PkZyw==",
      "dev": true,
      "bin": {
        "tsc": "bin/tsc",
        "tsserver": "bin/tsserver"
      },
      "engines": {
        "node": ">=14.17"
      }
    },
    "node_modules/undici-types": {
      "version": "6.19.8",
      "resolved": "https://registry.npmjs.org/undici-types/-/undici-types-6.19.8.tgz",
      "integrity": "sha512-ve2KP6f/JnbPBFyobGHuerC9g1FYGn/F8n1LWTwNxCEzd6IfqTwUQcNXgEtmmQ6DlRrC1hrSrBnCZPokRrDHjw==",
      "dev": true
    }
  }
}
